
Microsoft Visual Studio Solution File, Format Version 12.00
# Visual Studio Version 17
VisualStudioVersion = 17.5.33530.505
MinimumVisualStudioVersion = 10.0.40219.1
Project("{FAE04EC0-301F-11D3-BF4B-00C04F79EFBC}") = "RevitAPITraining DZ 3.1 Volume Walls", "RevitAPITraining DZ 3.1 Volume Walls\RevitAPITraining DZ 3.1 Volume Walls.csproj", "{4A25410F-7E7D-400F-964A-FA03F81D7CCB}"
EndProject
Global
	GlobalSection(SolutionConfigurationPlatforms) = preSolution
		Debug|Any CPU = Debug|Any CPU
		Release|Any CPU = Release|Any CPU
	EndGlobalSection
	GlobalSection(ProjectConfigurationPlatforms) = postSolution
		{4A25410F-7E7D-400F-964A-FA03F81D7CCB}.Debug|Any CPU.ActiveCfg = Debug|Any CPU
		{4A25410F-7E7D-400F-964A-FA03F81D7CCB}.Debug|Any CPU.Build.0 = Debug|Any CPU
		{4A25410F-7E7D-400F-964A-FA03F81D7CCB}.Release|Any CPU.ActiveCfg = Release|Any CPU
		{4A25410F-7E7D-400F-964A-FA03F81D7CCB}.Release|Any CPU.Build.0 = Release|Any CPU
	EndGlobalSection
	GlobalSection(SolutionProperties) = preSolution
		HideSolutionNode = FALSE
	EndGlobalSection
	GlobalSection(ExtensibilityGlobals) = postSolution
		SolutionGuid = {3A460786-BDD6-4FAA-942E-0BD1333CD6E3}
	EndGlobalSection
EndGlobal
